
Microsoft Visual Studio Solution File, Format Version 12.00
# Visual Studio Version 17
VisualStudioVersion = 17.0.31903.59
MinimumVisualStudioVersion = 10.0.40219.1
Project("{FAE04EC0-301F-11D3-BF4B-00C04F79EFBC}") = "XFYUsbKey.Manager", "XFYUsbKey.Manager\XFYUsbKey.Manager.csproj", "{0A73967D-8046-4382-95DC-74B09CBD9C0B}"
EndProject
Project("{8BC9CEB8-8B4A-11D0-8D11-00A0C91BC942}") = "XFYUsbKey.CredentialProvider", "XFYUsbKey.CredentialProvider\XFYUsbKey.vcxproj", "{98E74D71-5237-41FA-8D36-206C0D110626}"
EndProject
Project("{FAE04EC0-301F-11D3-BF4B-00C04F79EFBC}") = "XFYUsbKey.Manager.Avalonia", "XFYUsbKey.Manager.Avalonia\XFYUsbKey.Manager.Avalonia.csproj", "{A1B2C3D4-E5F6-7890-ABCD-EF1234567890}"
EndProject
Global
	GlobalSection(SolutionConfigurationPlatforms) = preSolution
		Debug|Any CPU = Debug|Any CPU
		Debug|x64 = Debug|x64
		Release|Any CPU = Release|Any CPU
		Release|x64 = Release|x64
	EndGlobalSection
	GlobalSection(ProjectConfigurationPlatforms) = postSolution
		{98E74D71-5237-41FA-8D36-206C0D110626}.Debug|Any CPU.ActiveCfg = Debug|x64
		{98E74D71-5237-41FA-8D36-206C0D110626}.Debug|Any CPU.Build.0 = Debug|x64
		{98E74D71-5237-41FA-8D36-206C0D110626}.Debug|x64.ActiveCfg = Debug|x64
		{98E74D71-5237-41FA-8D36-206C0D110626}.Debug|x64.Build.0 = Debug|x64
		{98E74D71-5237-41FA-8D36-206C0D110626}.Release|Any CPU.ActiveCfg = Release|x64
		{98E74D71-5237-41FA-8D36-206C0D110626}.Release|Any CPU.Build.0 = Release|x64
		{98E74D71-5237-41FA-8D36-206C0D110626}.Release|x64.ActiveCfg = Release|x64
		{98E74D71-5237-41FA-8D36-206C0D110626}.Release|x64.Build.0 = Release|x64
		{0A73967D-8046-4382-95DC-74B09CBD9C0B}.Debug|Any CPU.ActiveCfg = Debug|Any CPU
		{0A73967D-8046-4382-95DC-74B09CBD9C0B}.Debug|Any CPU.Build.0 = Debug|Any CPU
		{0A73967D-8046-4382-95DC-74B09CBD9C0B}.Debug|x64.ActiveCfg = Debug|Any CPU
		{0A73967D-8046-4382-95DC-74B09CBD9C0B}.Debug|x64.Build.0 = Debug|Any CPU
		{0A73967D-8046-4382-95DC-74B09CBD9C0B}.Release|Any CPU.ActiveCfg = Release|Any CPU
		{0A73967D-8046-4382-95DC-74B09CBD9C0B}.Release|Any CPU.Build.0 = Release|Any CPU
		{0A73967D-8046-4382-95DC-74B09CBD9C0B}.Release|x64.ActiveCfg = Release|Any CPU
		{0A73967D-8046-4382-95DC-74B09CBD9C0B}.Release|x64.Build.0 = Release|Any CPU
		{A1B2C3D4-E5F6-7890-ABCD-EF1234567890}.Debug|Any CPU.ActiveCfg = Debug|Any CPU
		{A1B2C3D4-E5F6-7890-ABCD-EF1234567890}.Debug|Any CPU.Build.0 = Debug|Any CPU
		{A1B2C3D4-E5F6-7890-ABCD-EF1234567890}.Debug|x64.ActiveCfg = Debug|Any CPU
		{A1B2C3D4-E5F6-7890-ABCD-EF1234567890}.Debug|x64.Build.0 = Debug|Any CPU
		{A1B2C3D4-E5F6-7890-ABCD-EF1234567890}.Release|Any CPU.ActiveCfg = Release|Any CPU
		{A1B2C3D4-E5F6-7890-ABCD-EF1234567890}.Release|Any CPU.Build.0 = Release|Any CPU
		{A1B2C3D4-E5F6-7890-ABCD-EF1234567890}.Release|x64.ActiveCfg = Release|Any CPU
		{A1B2C3D4-E5F6-7890-ABCD-EF1234567890}.Release|x64.Build.0 = Release|Any CPU
	EndGlobalSection
	GlobalSection(SolutionProperties) = preSolution
		HideSolutionNode = FALSE
	EndGlobalSection
EndGlobal
